--- 
dependencies: 
  mysql: 
    group: 
    - :default
    version: ">= 0"
  authlogic: 
    group: 
    - :default
    version: ">= 0"
  searchlogic: 
    group: 
    - :default
    version: ">= 0"
  will_paginate: 
    group: 
    - :default
    version: ">= 0"
specs: 
- activesupport: 
    version: 2.3.8
- activerecord: 
    version: 2.3.8
- authlogic: 
    version: 2.1.6
- mysql: 
    version: 2.8.1
- searchlogic: 
    version: 2.4.24
- will_paginate: 
    version: 2.3.14
hash: 1f02e0f1bf3facb4a20ef0d4c6a3b8629a1f1f63
sources: 
- Rubygems: 
    uri: http://rubygems.org
- Rubygems: 
    uri: http://gems.rubyforge.org
- Rubygems: 
    uri: http://gemcutter.org
- Rubygems: 
    uri: http://gems.github.com
